
Microsoft Visual Studio Solution File, Format Version 12.00
# Visual Studio Version 17
VisualStudioVersion = 17.12.35506.116 d17.12
MinimumVisualStudioVersion = 10.0.40219.1
Project("{FAE04EC0-301F-11D3-BF4B-00C04F79EFBC}") = "SOFTTEK.HACKERNEWS.DOMAIN", "SOFTTEK.HACKERNEWS.DOMAIN\SOFTTEK.HACKERNEWS.DOMAIN.csproj", "{5FD75942-1E41-407C-99FE-110570E8DC90}"
EndProject
Project("{FAE04EC0-301F-11D3-BF4B-00C04F79EFBC}") = "SOFTTEK.HACKERNEWS.APPLICATION", "SOFTTEK.HACKERNEWS.APPLICATION\SOFTTEK.HACKERNEWS.APPLICATION.csproj", "{8BD95ACF-1D8A-4AEA-9B39-FEEFA29FB423}"
EndProject
Project("{FAE04EC0-301F-11D3-BF4B-00C04F79EFBC}") = "SOFTTEK.HACKERNEWS.API", "SOFTTEK.HACKERNEWS.API\SOFTTEK.HACKERNEWS.API.csproj", "{2FAA52E1-5242-4DAB-A062-41FA8A2F4B32}"
EndProject
Project("{FAE04EC0-301F-11D3-BF4B-00C04F79EFBC}") = "SOFTTEK.HACKERNEWS.INFRASTRUCTURE", "SOFTTEK.HACKERNEWS.INFRASTRUCTURE\SOFTTEK.HACKERNEWS.INFRASTRUCTURE.csproj", "{854C9572-7EDF-4690-899D-370464A14A6E}"
EndProject
Project("{2150E333-8FDC-42A3-9474-1A3956D46DE8}") = "src", "src", "{A067C9E5-5756-4554-8433-47C55C9FF1B5}"
EndProject
Project("{2150E333-8FDC-42A3-9474-1A3956D46DE8}") = "tests", "tests", "{B806C574-9FCF-47B9-9DCB-4CE86628FC60}"
EndProject
Project("{FAE04EC0-301F-11D3-BF4B-00C04F79EFBC}") = "SOFTTEK.HACKERNEWS.UTESTS", "SOFTTEK.HACKERNEWS.UTESTS\SOFTTEK.HACKERNEWS.UTESTS.csproj", "{37BC67BC-5161-4F41-9A80-C447E4F0C382}"
EndProject
Global
	GlobalSection(SolutionConfigurationPlatforms) = preSolution
		Debug|Any CPU = Debug|Any CPU
		Release|Any CPU = Release|Any CPU
	EndGlobalSection
	GlobalSection(ProjectConfigurationPlatforms) = postSolution
		{5FD75942-1E41-407C-99FE-110570E8DC90}.Debug|Any CPU.ActiveCfg = Debug|Any CPU
		{5FD75942-1E41-407C-99FE-110570E8DC90}.Debug|Any CPU.Build.0 = Debug|Any CPU
		{5FD75942-1E41-407C-99FE-110570E8DC90}.Release|Any CPU.ActiveCfg = Release|Any CPU
		{5FD75942-1E41-407C-99FE-110570E8DC90}.Release|Any CPU.Build.0 = Release|Any CPU
		{8BD95ACF-1D8A-4AEA-9B39-FEEFA29FB423}.Debug|Any CPU.ActiveCfg = Debug|Any CPU
		{8BD95ACF-1D8A-4AEA-9B39-FEEFA29FB423}.Debug|Any CPU.Build.0 = Debug|Any CPU
		{8BD95ACF-1D8A-4AEA-9B39-FEEFA29FB423}.Release|Any CPU.ActiveCfg = Release|Any CPU
		{8BD95ACF-1D8A-4AEA-9B39-FEEFA29FB423}.Release|Any CPU.Build.0 = Release|Any CPU
		{2FAA52E1-5242-4DAB-A062-41FA8A2F4B32}.Debug|Any CPU.ActiveCfg = Debug|Any CPU
		{2FAA52E1-5242-4DAB-A062-41FA8A2F4B32}.Debug|Any CPU.Build.0 = Debug|Any CPU
		{2FAA52E1-5242-4DAB-A062-41FA8A2F4B32}.Release|Any CPU.ActiveCfg = Release|Any CPU
		{2FAA52E1-5242-4DAB-A062-41FA8A2F4B32}.Release|Any CPU.Build.0 = Release|Any CPU
		{854C9572-7EDF-4690-899D-370464A14A6E}.Debug|Any CPU.ActiveCfg = Debug|Any CPU
		{854C9572-7EDF-4690-899D-370464A14A6E}.Debug|Any CPU.Build.0 = Debug|Any CPU
		{854C9572-7EDF-4690-899D-370464A14A6E}.Release|Any CPU.ActiveCfg = Release|Any CPU
		{854C9572-7EDF-4690-899D-370464A14A6E}.Release|Any CPU.Build.0 = Release|Any CPU
		{37BC67BC-5161-4F41-9A80-C447E4F0C382}.Debug|Any CPU.ActiveCfg = Debug|Any CPU
		{37BC67BC-5161-4F41-9A80-C447E4F0C382}.Debug|Any CPU.Build.0 = Debug|Any CPU
		{37BC67BC-5161-4F41-9A80-C447E4F0C382}.Release|Any CPU.ActiveCfg = Release|Any CPU
		{37BC67BC-5161-4F41-9A80-C447E4F0C382}.Release|Any CPU.Build.0 = Release|Any CPU
	EndGlobalSection
	GlobalSection(SolutionProperties) = preSolution
		HideSolutionNode = FALSE
	EndGlobalSection
	GlobalSection(NestedProjects) = preSolution
		{5FD75942-1E41-407C-99FE-110570E8DC90} = {A067C9E5-5756-4554-8433-47C55C9FF1B5}
		{8BD95ACF-1D8A-4AEA-9B39-FEEFA29FB423} = {A067C9E5-5756-4554-8433-47C55C9FF1B5}
		{2FAA52E1-5242-4DAB-A062-41FA8A2F4B32} = {A067C9E5-5756-4554-8433-47C55C9FF1B5}
		{854C9572-7EDF-4690-899D-370464A14A6E} = {A067C9E5-5756-4554-8433-47C55C9FF1B5}
		{37BC67BC-5161-4F41-9A80-C447E4F0C382} = {B806C574-9FCF-47B9-9DCB-4CE86628FC60}
	EndGlobalSection
EndGlobal
